// !$*UTF8*$!
{
	archiveVersion = 1;
	classes = {
	};
	objectVersion = 42;
	objects = {

/* Begin PBXBuildStyle section */
		25136B950A473DC800D3D311 /* Development */ = {
			isa = PBXBuildStyle;
			buildSettings = {
				COPY_PHASE_STRIP = NO;
			};
			name = Development;
		};
		25136B960A473DC800D3D311 /* Deployment */ = {
			isa = PBXBuildStyle;
			buildSettings = {
				COPY_PHASE_STRIP = YES;
			};
			name = Deployment;
		};
/* End PBXBuildStyle section */

/* Begin PBXContainerItemProxy section */
		25136BA60A473DEA00D3D311 /* PBXContainerItemProxy */ = {
			isa = PBXContainerItemProxy;
			containerPortal = 25136B9B0A473DEA00D3D311 /* game.xcodeproj */;
			proxyType = 2;
			remoteGlobalIDString = D2AAC0630554660B00DB518D /* game.so */;
			remoteInfo = "game dylib";
		};
		25136BA80A473DEA00D3D311 /* PBXContainerItemProxy */ = {
			isa = PBXContainerItemProxy;
			containerPortal = 25136B9B0A473DEA00D3D311 /* game.xcodeproj */;
			proxyType = 2;
			remoteGlobalIDString = 81114DFB093E117D00A5C91A /* game.so.bundle */;
			remoteInfo = "game bundle";
		};
		25136BAC0A473DEA00D3D311 /* PBXContainerItemProxy */ = {
			isa = PBXContainerItemProxy;
			containerPortal = 25136B9E0A473DEA00D3D311 /* idlib.xcodeproj */;
			proxyType = 2;
			remoteGlobalIDString = D2AAC046055464E500DB518D /* libidlib_pic.a */;
			remoteInfo = idlib_pic;
		};
		25136BAE0A473DEA00D3D311 /* PBXContainerItemProxy */ = {
			isa = PBXContainerItemProxy;
			containerPortal = 25136B9E0A473DEA00D3D311 /* idlib.xcodeproj */;
			proxyType = 2;
			remoteGlobalIDString = 81023A8A091808A500F81B7E /* libidlib_nopic.a */;
			remoteInfo = idlib_nopic;
		};
/* End PBXContainerItemProxy section */

/* Begin PBXFileReference section */
		25136B9B0A473DEA00D3D311 /* game.xcodeproj */ = {isa = PBXFileReference; lastKnownFileType = "wrapper.pb-project"; name = game.xcodeproj; path = Subprojects/game.xcodeproj; sourceTree = "<group>"; };
		25136B9E0A473DEA00D3D311 /* idlib.xcodeproj */ = {isa = PBXFileReference; lastKnownFileType = "wrapper.pb-project"; name = idlib.xcodeproj; path = Subprojects/idlib.xcodeproj; sourceTree = "<group>"; };
/* End PBXFileReference section */

/* Begin PBXGroup section */
		25136B850A473D9D00D3D311 = {
			isa = PBXGroup;
			children = (
				25136B9B0A473DEA00D3D311 /* game.xcodeproj */,
				25136B9E0A473DEA00D3D311 /* idlib.xcodeproj */,
			);
			sourceTree = "<group>";
		};
		25136B9C0A473DEA00D3D311 /* Products */ = {
			isa = PBXGroup;
			children = (
				25136BA70A473DEA00D3D311 /* game.so */,
				25136BA90A473DEA00D3D311 /* game.so.bundle */,
			);
			name = Products;
			sourceTree = "<group>";
		};
		25136B9F0A473DEA00D3D311 /* Products */ = {
			isa = PBXGroup;
			children = (
				25136BAD0A473DEA00D3D311 /* libidlib_pic.a */,
				25136BAF0A473DEA00D3D311 /* libidlib_nopic.a */,
			);
			name = Products;
			sourceTree = "<group>";
		};
/* End PBXGroup section */

/* Begin PBXProject section */
		25136B870A473D9D00D3D311 /* Project object */ = {
			isa = PBXProject;
			buildConfigurationList = 25136B880A473D9D00D3D311 /* Build configuration list for PBXProject "q4sdk" */;
			buildSettings = {
			};
			buildStyles = (
				25136B950A473DC800D3D311 /* Development */,
				25136B960A473DC800D3D311 /* Deployment */,
			);
			hasScannedForEncodings = 0;
			mainGroup = 25136B850A473D9D00D3D311;
			projectDirPath = "";
			projectReferences = (
				{
					ProductGroup = 25136B9C0A473DEA00D3D311 /* Products */;
					ProjectRef = 25136B9B0A473DEA00D3D311 /* game.xcodeproj */;
				},
				{
					ProductGroup = 25136B9F0A473DEA00D3D311 /* Products */;
					ProjectRef = 25136B9E0A473DEA00D3D311 /* idlib.xcodeproj */;
				},
			);
			targets = (
			);
		};
/* End PBXProject section */

/* Begin PBXReferenceProxy section */
		25136BA70A473DEA00D3D311 /* game.so */ = {
			isa = PBXReferenceProxy;
			fileType = "compiled.mach-o.dylib";
			path = game.so;
			remoteRef = 25136BA60A473DEA00D3D311 /* PBXContainerItemProxy */;
			sourceTree = BUILT_PRODUCTS_DIR;
		};
		25136BA90A473DEA00D3D311 /* game.so.bundle */ = {
			isa = PBXReferenceProxy;
			fileType = wrapper.cfbundle;
			path = game.so.bundle;
			remoteRef = 25136BA80A473DEA00D3D311 /* PBXContainerItemProxy */;
			sourceTree = BUILT_PRODUCTS_DIR;
		};
		25136BAD0A473DEA00D3D311 /* libidlib_pic.a */ = {
			isa = PBXReferenceProxy;
			fileType = archive.ar;
			path = libidlib_pic.a;
			remoteRef = 25136BAC0A473DEA00D3D311 /* PBXContainerItemProxy */;
			sourceTree = BUILT_PRODUCTS_DIR;
		};
		25136BAF0A473DEA00D3D311 /* libidlib_nopic.a */ = {
			isa = PBXReferenceProxy;
			fileType = archive.ar;
			path = libidlib_nopic.a;
			remoteRef = 25136BAE0A473DEA00D3D311 /* PBXContainerItemProxy */;
			sourceTree = BUILT_PRODUCTS_DIR;
		};
/* End PBXReferenceProxy section */

/* Begin XCBuildConfiguration section */
		25136B890A473D9D00D3D311 /* Debug */ = {
			isa = XCBuildConfiguration;
			buildSettings = {
				COPY_PHASE_STRIP = NO;
				SDKROOT = /Developer/SDKs/MacOSX10.4u.sdk;
			};
			name = Debug;
		};
		25136B8A0A473D9D00D3D311 /* Release */ = {
			isa = XCBuildConfiguration;
			buildSettings = {
				COPY_PHASE_STRIP = YES;
				SDKROOT = /Developer/SDKs/MacOSX10.4u.sdk;
			};
			name = Release;
		};
/* End XCBuildConfiguration section */

/* Begin XCConfigurationList section */
		25136B880A473D9D00D3D311 /* Build configuration list for PBXProject "q4sdk" */ = {
			isa = XCConfigurationList;
			buildConfigurations = (
				25136B890A473D9D00D3D311 /* Debug */,
				25136B8A0A473D9D00D3D311 /* Release */,
			);
			defaultConfigurationIsVisible = 0;
			defaultConfigurationName = Release;
		};
/* End XCConfigurationList section */
	};
	rootObject = 25136B870A473D9D00D3D311 /* Project object */;
}
